
Microsoft Visual Studio Solution File, Format Version 12.00
# Visual Studio Version 17
VisualStudioVersion = 17.0.31903.59
MinimumVisualStudioVersion = 10.0.40219.1
Project("{2150E333-8FDC-42A3-9474-1A3956D46DE8}") = "src", "src", "{94BABDB2-EEFE-4335-A349-8BEE17F69545}"
EndProject
Project("{9A19103F-16F7-4668-BE54-9A1E7A4F7556}") = "AuctionService", "src\AuctionService\AuctionService.csproj", "{4F3D12BA-B206-48D5-BD6F-5192BC6CBB0C}"
EndProject
Project("{9A19103F-16F7-4668-BE54-9A1E7A4F7556}") = "SearchService", "src\SearchService\SearchService.csproj", "{53A8B057-16EC-4463-AA07-8D990EC27589}"
EndProject
Project("{9A19103F-16F7-4668-BE54-9A1E7A4F7556}") = "Contracts", "src\Contracts\Contracts.csproj", "{333DCA13-C1C0-414A-8C6B-7191409A4E35}"
EndProject
Project("{9A19103F-16F7-4668-BE54-9A1E7A4F7556}") = "IdentityServer", "src\IdentityServer\IdentityServer.csproj", "{229BA707-94CE-413D-BC95-7E7859C5ABE2}"
EndProject
Global
	GlobalSection(SolutionConfigurationPlatforms) = preSolution
		Debug|Any CPU = Debug|Any CPU
		Release|Any CPU = Release|Any CPU
	EndGlobalSection
	GlobalSection(ProjectConfigurationPlatforms) = postSolution
		{4F3D12BA-B206-48D5-BD6F-5192BC6CBB0C}.Debug|Any CPU.ActiveCfg = Debug|Any CPU
		{4F3D12BA-B206-48D5-BD6F-5192BC6CBB0C}.Debug|Any CPU.Build.0 = Debug|Any CPU
		{4F3D12BA-B206-48D5-BD6F-5192BC6CBB0C}.Release|Any CPU.ActiveCfg = Release|Any CPU
		{4F3D12BA-B206-48D5-BD6F-5192BC6CBB0C}.Release|Any CPU.Build.0 = Release|Any CPU
		{53A8B057-16EC-4463-AA07-8D990EC27589}.Debug|Any CPU.ActiveCfg = Debug|Any CPU
		{53A8B057-16EC-4463-AA07-8D990EC27589}.Debug|Any CPU.Build.0 = Debug|Any CPU
		{53A8B057-16EC-4463-AA07-8D990EC27589}.Release|Any CPU.ActiveCfg = Release|Any CPU
		{53A8B057-16EC-4463-AA07-8D990EC27589}.Release|Any CPU.Build.0 = Release|Any CPU
		{333DCA13-C1C0-414A-8C6B-7191409A4E35}.Debug|Any CPU.ActiveCfg = Debug|Any CPU
		{333DCA13-C1C0-414A-8C6B-7191409A4E35}.Debug|Any CPU.Build.0 = Debug|Any CPU
		{333DCA13-C1C0-414A-8C6B-7191409A4E35}.Release|Any CPU.ActiveCfg = Release|Any CPU
		{333DCA13-C1C0-414A-8C6B-7191409A4E35}.Release|Any CPU.Build.0 = Release|Any CPU
		{229BA707-94CE-413D-BC95-7E7859C5ABE2}.Debug|Any CPU.ActiveCfg = Debug|Any CPU
		{229BA707-94CE-413D-BC95-7E7859C5ABE2}.Debug|Any CPU.Build.0 = Debug|Any CPU
		{229BA707-94CE-413D-BC95-7E7859C5ABE2}.Release|Any CPU.ActiveCfg = Release|Any CPU
		{229BA707-94CE-413D-BC95-7E7859C5ABE2}.Release|Any CPU.Build.0 = Release|Any CPU
	EndGlobalSection
	GlobalSection(SolutionProperties) = preSolution
		HideSolutionNode = FALSE
	EndGlobalSection
	GlobalSection(NestedProjects) = preSolution
		{4F3D12BA-B206-48D5-BD6F-5192BC6CBB0C} = {94BABDB2-EEFE-4335-A349-8BEE17F69545}
		{53A8B057-16EC-4463-AA07-8D990EC27589} = {94BABDB2-EEFE-4335-A349-8BEE17F69545}
		{333DCA13-C1C0-414A-8C6B-7191409A4E35} = {94BABDB2-EEFE-4335-A349-8BEE17F69545}
		{229BA707-94CE-413D-BC95-7E7859C5ABE2} = {94BABDB2-EEFE-4335-A349-8BEE17F69545}
	EndGlobalSection
	GlobalSection(ExtensibilityGlobals) = postSolution
		SolutionGuid = {9F5EEF4E-4BF7-4FB4-AD4F-3760D3A56D88}
	EndGlobalSection
EndGlobal
